
Microsoft Visual Studio Solution File, Format Version 12.00
# Visual Studio Version 17
VisualStudioVersion = 17.4.33122.133
MinimumVisualStudioVersion = 10.0.40219.1
Project("{2150E333-8FDC-42A3-9474-1A3956D46DE8}") = "src", "src", "{55FCC792-A567-4ED2-A39C-EA0992A248E4}"
EndProject
Project("{9A19103F-16F7-4668-BE54-9A1E7A4F7556}") = "Planny.WebApi", "src\Planny.WebApi\Planny.WebApi.csproj", "{73800C3F-3C60-4D38-9561-17DF75D35756}"
EndProject
Project("{9A19103F-16F7-4668-BE54-9A1E7A4F7556}") = "Planny.Application", "src\Planny.Application\Planny.Application.csproj", "{749B602F-80E4-440B-8109-D6023E5A9E9F}"
EndProject
Project("{9A19103F-16F7-4668-BE54-9A1E7A4F7556}") = "Planny.Infrastructure", "src\Planny.Infrastructure\Planny.Infrastructure.csproj", "{E35FB9D8-5458-42E3-B955-094333EE677B}"
EndProject
Project("{9A19103F-16F7-4668-BE54-9A1E7A4F7556}") = "Planny.Domain", "src\Planny.Domain\Planny.Domain.csproj", "{7E13CA37-AD98-4854-B59C-823A8C7557F9}"
EndProject
Project("{9A19103F-16F7-4668-BE54-9A1E7A4F7556}") = "Planny.WebUi", "src\Planny.WebUi\Planny.WebUi.csproj", "{C44C435D-02D7-4692-9777-7CDEE703AE42}"
EndProject
Project("{2150E333-8FDC-42A3-9474-1A3956D46DE8}") = "tests", "tests", "{110CCAAF-E9F5-4CF2-87C7-89625F462380}"
EndProject
Project("{9A19103F-16F7-4668-BE54-9A1E7A4F7556}") = "Planny.Application.UnitTests", "tests\Planny.Application.UnitTests\Planny.Application.UnitTests.csproj", "{0D5EFC5F-F793-4BF5-948D-F738BEACD0CD}"
EndProject
Project("{9A19103F-16F7-4668-BE54-9A1E7A4F7556}") = "Planny.Infrastructure.UnitTests", "tests\Planny.Infrastructure.UnitTests\Planny.Infrastructure.UnitTests.csproj", "{D084BEF9-9BFF-48F7-ABF7-122B24A919CA}"
EndProject
Project("{2150E333-8FDC-42A3-9474-1A3956D46DE8}") = "items", "items", "{35913505-EA23-4A96-90AB-4A481185AFE4}"
	ProjectSection(SolutionItems) = preProject
		.gitignore = .gitignore
		LICENSE = LICENSE
		README.md = README.md
	EndProjectSection
EndProject
Global
	GlobalSection(SolutionConfigurationPlatforms) = preSolution
		Debug|Any CPU = Debug|Any CPU
		Release|Any CPU = Release|Any CPU
	EndGlobalSection
	GlobalSection(ProjectConfigurationPlatforms) = postSolution
		{73800C3F-3C60-4D38-9561-17DF75D35756}.Debug|Any CPU.ActiveCfg = Debug|Any CPU
		{73800C3F-3C60-4D38-9561-17DF75D35756}.Debug|Any CPU.Build.0 = Debug|Any CPU
		{73800C3F-3C60-4D38-9561-17DF75D35756}.Release|Any CPU.ActiveCfg = Release|Any CPU
		{73800C3F-3C60-4D38-9561-17DF75D35756}.Release|Any CPU.Build.0 = Release|Any CPU
		{749B602F-80E4-440B-8109-D6023E5A9E9F}.Debug|Any CPU.ActiveCfg = Debug|Any CPU
		{749B602F-80E4-440B-8109-D6023E5A9E9F}.Debug|Any CPU.Build.0 = Debug|Any CPU
		{749B602F-80E4-440B-8109-D6023E5A9E9F}.Release|Any CPU.ActiveCfg = Release|Any CPU
		{749B602F-80E4-440B-8109-D6023E5A9E9F}.Release|Any CPU.Build.0 = Release|Any CPU
		{E35FB9D8-5458-42E3-B955-094333EE677B}.Debug|Any CPU.ActiveCfg = Debug|Any CPU
		{E35FB9D8-5458-42E3-B955-094333EE677B}.Debug|Any CPU.Build.0 = Debug|Any CPU
		{E35FB9D8-5458-42E3-B955-094333EE677B}.Release|Any CPU.ActiveCfg = Release|Any CPU
		{E35FB9D8-5458-42E3-B955-094333EE677B}.Release|Any CPU.Build.0 = Release|Any CPU
		{7E13CA37-AD98-4854-B59C-823A8C7557F9}.Debug|Any CPU.ActiveCfg = Debug|Any CPU
		{7E13CA37-AD98-4854-B59C-823A8C7557F9}.Debug|Any CPU.Build.0 = Debug|Any CPU
		{7E13CA37-AD98-4854-B59C-823A8C7557F9}.Release|Any CPU.ActiveCfg = Release|Any CPU
		{7E13CA37-AD98-4854-B59C-823A8C7557F9}.Release|Any CPU.Build.0 = Release|Any CPU
		{C44C435D-02D7-4692-9777-7CDEE703AE42}.Debug|Any CPU.ActiveCfg = Debug|Any CPU
		{C44C435D-02D7-4692-9777-7CDEE703AE42}.Debug|Any CPU.Build.0 = Debug|Any CPU
		{C44C435D-02D7-4692-9777-7CDEE703AE42}.Release|Any CPU.ActiveCfg = Release|Any CPU
		{C44C435D-02D7-4692-9777-7CDEE703AE42}.Release|Any CPU.Build.0 = Release|Any CPU
		{0D5EFC5F-F793-4BF5-948D-F738BEACD0CD}.Debug|Any CPU.ActiveCfg = Debug|Any CPU
		{0D5EFC5F-F793-4BF5-948D-F738BEACD0CD}.Debug|Any CPU.Build.0 = Debug|Any CPU
		{0D5EFC5F-F793-4BF5-948D-F738BEACD0CD}.Release|Any CPU.ActiveCfg = Release|Any CPU
		{0D5EFC5F-F793-4BF5-948D-F738BEACD0CD}.Release|Any CPU.Build.0 = Release|Any CPU
		{D084BEF9-9BFF-48F7-ABF7-122B24A919CA}.Debug|Any CPU.ActiveCfg = Debug|Any CPU
		{D084BEF9-9BFF-48F7-ABF7-122B24A919CA}.Debug|Any CPU.Build.0 = Debug|Any CPU
		{D084BEF9-9BFF-48F7-ABF7-122B24A919CA}.Release|Any CPU.ActiveCfg = Release|Any CPU
		{D084BEF9-9BFF-48F7-ABF7-122B24A919CA}.Release|Any CPU.Build.0 = Release|Any CPU
	EndGlobalSection
	GlobalSection(SolutionProperties) = preSolution
		HideSolutionNode = FALSE
	EndGlobalSection
	GlobalSection(NestedProjects) = preSolution
		{73800C3F-3C60-4D38-9561-17DF75D35756} = {55FCC792-A567-4ED2-A39C-EA0992A248E4}
		{749B602F-80E4-440B-8109-D6023E5A9E9F} = {55FCC792-A567-4ED2-A39C-EA0992A248E4}
		{E35FB9D8-5458-42E3-B955-094333EE677B} = {55FCC792-A567-4ED2-A39C-EA0992A248E4}
		{7E13CA37-AD98-4854-B59C-823A8C7557F9} = {55FCC792-A567-4ED2-A39C-EA0992A248E4}
		{C44C435D-02D7-4692-9777-7CDEE703AE42} = {55FCC792-A567-4ED2-A39C-EA0992A248E4}
		{0D5EFC5F-F793-4BF5-948D-F738BEACD0CD} = {110CCAAF-E9F5-4CF2-87C7-89625F462380}
		{D084BEF9-9BFF-48F7-ABF7-122B24A919CA} = {110CCAAF-E9F5-4CF2-87C7-89625F462380}
	EndGlobalSection
	GlobalSection(ExtensibilityGlobals) = postSolution
		SolutionGuid = {A316E55D-FF1C-4109-A90D-CDCF60CF3232}
	EndGlobalSection
EndGlobal
